
Microsoft Visual Studio Solution File, Format Version 12.00
# Visual Studio Version 16
VisualStudioVersion = 16.0.31129.286
MinimumVisualStudioVersion = 10.0.40219.1
Project("{FAE04EC0-301F-11D3-BF4B-00C04F79EFBC}") = "CutTextToXCharacters", "CutTextToXCharacters\CutTextToXCharacters.csproj", "{04E7E72B-3009-4B45-8F90-28F7E6B1D962}"
EndProject
Global
	GlobalSection(SolutionConfigurationPlatforms) = preSolution
		Debug|Any CPU = Debug|Any CPU
		Release|Any CPU = Release|Any CPU
	EndGlobalSection
	GlobalSection(ProjectConfigurationPlatforms) = postSolution
		{04E7E72B-3009-4B45-8F90-28F7E6B1D962}.Debug|Any CPU.ActiveCfg = Debug|Any CPU
		{04E7E72B-3009-4B45-8F90-28F7E6B1D962}.Debug|Any CPU.Build.0 = Debug|Any CPU
		{04E7E72B-3009-4B45-8F90-28F7E6B1D962}.Release|Any CPU.ActiveCfg = Release|Any CPU
		{04E7E72B-3009-4B45-8F90-28F7E6B1D962}.Release|Any CPU.Build.0 = Release|Any CPU
	EndGlobalSection
	GlobalSection(SolutionProperties) = preSolution
		HideSolutionNode = FALSE
	EndGlobalSection
	GlobalSection(ExtensibilityGlobals) = postSolution
		SolutionGuid = {C06BEC1C-835C-49D3-A206-0327621BBB31}
	EndGlobalSection
EndGlobal
